
Microsoft Visual Studio Solution File, Format Version 12.00
# Visual Studio Version 16
VisualStudioVersion = 16.0.29215.179
MinimumVisualStudioVersion = 10.0.40219.1
Project("{9A19103F-16F7-4668-BE54-9A1E7A4F7556}") = "PlayerNinjaDomain.Classes", "PlayerNinjaDomain.Classes\PlayerNinjaDomain.Classes.csproj", "{941CEDBF-67DB-4B82-B144-2B5A52C47AE9}"
EndProject
Project("{FAE04EC0-301F-11D3-BF4B-00C04F79EFBC}") = "PlayerNinjaDomain.DataModel", "PlayerNinjaDomain.DataModel\PlayerNinjaDomain.DataModel.csproj", "{484237B2-E50F-49D5-A10C-33B184142ACB}"
EndProject
Project("{FAE04EC0-301F-11D3-BF4B-00C04F79EFBC}") = "EdmxDesignerFromDatabase", "EdmxDesignerFromDatabase\EdmxDesignerFromDatabase.csproj", "{A5B5336C-FC59-4826-8A80-57B32A4F3205}"
EndProject
Project("{FAE04EC0-301F-11D3-BF4B-00C04F79EFBC}") = "ConsoleApplication", "ConsoleApplication\ConsoleApplication.csproj", "{4F05A115-4965-4DD8-8F1E-5A42C6E02600}"
EndProject
Global
	GlobalSection(SolutionConfigurationPlatforms) = preSolution
		Debug|Any CPU = Debug|Any CPU
		Release|Any CPU = Release|Any CPU
	EndGlobalSection
	GlobalSection(ProjectConfigurationPlatforms) = postSolution
		{941CEDBF-67DB-4B82-B144-2B5A52C47AE9}.Debug|Any CPU.ActiveCfg = Debug|Any CPU
		{941CEDBF-67DB-4B82-B144-2B5A52C47AE9}.Debug|Any CPU.Build.0 = Debug|Any CPU
		{941CEDBF-67DB-4B82-B144-2B5A52C47AE9}.Release|Any CPU.ActiveCfg = Release|Any CPU
		{941CEDBF-67DB-4B82-B144-2B5A52C47AE9}.Release|Any CPU.Build.0 = Release|Any CPU
		{484237B2-E50F-49D5-A10C-33B184142ACB}.Debug|Any CPU.ActiveCfg = Debug|Any CPU
		{484237B2-E50F-49D5-A10C-33B184142ACB}.Debug|Any CPU.Build.0 = Debug|Any CPU
		{484237B2-E50F-49D5-A10C-33B184142ACB}.Release|Any CPU.ActiveCfg = Release|Any CPU
		{484237B2-E50F-49D5-A10C-33B184142ACB}.Release|Any CPU.Build.0 = Release|Any CPU
		{A5B5336C-FC59-4826-8A80-57B32A4F3205}.Debug|Any CPU.ActiveCfg = Debug|Any CPU
		{A5B5336C-FC59-4826-8A80-57B32A4F3205}.Debug|Any CPU.Build.0 = Debug|Any CPU
		{A5B5336C-FC59-4826-8A80-57B32A4F3205}.Release|Any CPU.ActiveCfg = Release|Any CPU
		{A5B5336C-FC59-4826-8A80-57B32A4F3205}.Release|Any CPU.Build.0 = Release|Any CPU
		{4F05A115-4965-4DD8-8F1E-5A42C6E02600}.Debug|Any CPU.ActiveCfg = Debug|Any CPU
		{4F05A115-4965-4DD8-8F1E-5A42C6E02600}.Debug|Any CPU.Build.0 = Debug|Any CPU
		{4F05A115-4965-4DD8-8F1E-5A42C6E02600}.Release|Any CPU.ActiveCfg = Release|Any CPU
		{4F05A115-4965-4DD8-8F1E-5A42C6E02600}.Release|Any CPU.Build.0 = Release|Any CPU
	EndGlobalSection
	GlobalSection(SolutionProperties) = preSolution
		HideSolutionNode = FALSE
	EndGlobalSection
	GlobalSection(ExtensibilityGlobals) = postSolution
		SolutionGuid = {BA1B98C9-C663-480D-BDEF-A0C88DBD6128}
	EndGlobalSection
EndGlobal
